
Microsoft Visual Studio Solution File, Format Version 12.00
# Visual Studio Version 17
VisualStudioVersion = 17.11.35312.102
MinimumVisualStudioVersion = 10.0.40219.1
Project("{FAE04EC0-301F-11D3-BF4B-00C04F79EFBC}") = "AzureSampleContainerInfo", "AzureSampleContainerInfo.csproj", "{7D00E34A-D47E-4B09-9EAC-4E1C2E2AAAE0}"
EndProject
Global
	GlobalSection(SolutionConfigurationPlatforms) = preSolution
		Debug|Any CPU = Debug|Any CPU
		Release|Any CPU = Release|Any CPU
	EndGlobalSection
	GlobalSection(ProjectConfigurationPlatforms) = postSolution
		{7D00E34A-D47E-4B09-9EAC-4E1C2E2AAAE0}.Debug|Any CPU.ActiveCfg = Debug|Any CPU
		{7D00E34A-D47E-4B09-9EAC-4E1C2E2AAAE0}.Debug|Any CPU.Build.0 = Debug|Any CPU
		{7D00E34A-D47E-4B09-9EAC-4E1C2E2AAAE0}.Release|Any CPU.ActiveCfg = Release|Any CPU
		{7D00E34A-D47E-4B09-9EAC-4E1C2E2AAAE0}.Release|Any CPU.Build.0 = Release|Any CPU
	EndGlobalSection
	GlobalSection(SolutionProperties) = preSolution
		HideSolutionNode = FALSE
	EndGlobalSection
	GlobalSection(ExtensibilityGlobals) = postSolution
		SolutionGuid = {0930B42A-0A72-41E9-AFDE-DE5CD8CA68FB}
	EndGlobalSection
EndGlobal
